
Microsoft Visual Studio Solution File, Format Version 12.00
Project("{FAE04EC0-301F-11D3-BF4B-00C04F79EFBC}") = "Azubot.ApiServer", "Azubot.ApiServer\Azubot.ApiServer.csproj", "{4E8B9077-18C8-4D93-973D-21B0722253F1}"
EndProject
Project("{FAE04EC0-301F-11D3-BF4B-00C04F79EFBC}") = "Azubot.Shared", "Azubot.Shared\Azubot.Shared.csproj", "{E32E040E-D33B-43A4-8BBA-D6400A2D8640}"
EndProject
Project("{FAE04EC0-301F-11D3-BF4B-00C04F79EFBC}") = "Azubot.Frontend", "Azubot.Frontend\Azubot.Frontend.csproj", "{12C94EF9-4E0D-4752-93C9-F73AEC82875E}"
EndProject
Global
	GlobalSection(SolutionConfigurationPlatforms) = preSolution
		Debug|Any CPU = Debug|Any CPU
		Release|Any CPU = Release|Any CPU
	EndGlobalSection
	GlobalSection(ProjectConfigurationPlatforms) = postSolution
		{4E8B9077-18C8-4D93-973D-21B0722253F1}.Debug|Any CPU.ActiveCfg = Debug|Any CPU
		{4E8B9077-18C8-4D93-973D-21B0722253F1}.Debug|Any CPU.Build.0 = Debug|Any CPU
		{4E8B9077-18C8-4D93-973D-21B0722253F1}.Release|Any CPU.ActiveCfg = Release|Any CPU
		{4E8B9077-18C8-4D93-973D-21B0722253F1}.Release|Any CPU.Build.0 = Release|Any CPU
		{E32E040E-D33B-43A4-8BBA-D6400A2D8640}.Debug|Any CPU.ActiveCfg = Debug|Any CPU
		{E32E040E-D33B-43A4-8BBA-D6400A2D8640}.Debug|Any CPU.Build.0 = Debug|Any CPU
		{E32E040E-D33B-43A4-8BBA-D6400A2D8640}.Release|Any CPU.ActiveCfg = Release|Any CPU
		{E32E040E-D33B-43A4-8BBA-D6400A2D8640}.Release|Any CPU.Build.0 = Release|Any CPU
		{12C94EF9-4E0D-4752-93C9-F73AEC82875E}.Debug|Any CPU.ActiveCfg = Debug|Any CPU
		{12C94EF9-4E0D-4752-93C9-F73AEC82875E}.Debug|Any CPU.Build.0 = Debug|Any CPU
		{12C94EF9-4E0D-4752-93C9-F73AEC82875E}.Release|Any CPU.ActiveCfg = Release|Any CPU
		{12C94EF9-4E0D-4752-93C9-F73AEC82875E}.Release|Any CPU.Build.0 = Release|Any CPU
	EndGlobalSection
EndGlobal
